
Microsoft Visual Studio Solution File, Format Version 12.00
# Visual Studio Version 16
VisualStudioVersion = 16.0.30711.63
MinimumVisualStudioVersion = 10.0.40219.1
Project("{FAE04EC0-301F-11D3-BF4B-00C04F79EFBC}") = "DimeProject", "DimeProject\DimeProject.csproj", "{0FB48ACD-9BD6-421F-8BA6-29D8B5409B2D}"
EndProject
Global
	GlobalSection(SolutionConfigurationPlatforms) = preSolution
		Debug|Any CPU = Debug|Any CPU
		Release|Any CPU = Release|Any CPU
	EndGlobalSection
	GlobalSection(ProjectConfigurationPlatforms) = postSolution
		{0FB48ACD-9BD6-421F-8BA6-29D8B5409B2D}.Debug|Any CPU.ActiveCfg = Debug|Any CPU
		{0FB48ACD-9BD6-421F-8BA6-29D8B5409B2D}.Debug|Any CPU.Build.0 = Debug|Any CPU
		{0FB48ACD-9BD6-421F-8BA6-29D8B5409B2D}.Release|Any CPU.ActiveCfg = Release|Any CPU
		{0FB48ACD-9BD6-421F-8BA6-29D8B5409B2D}.Release|Any CPU.Build.0 = Release|Any CPU
	EndGlobalSection
	GlobalSection(SolutionProperties) = preSolution
		HideSolutionNode = FALSE
	EndGlobalSection
	GlobalSection(ExtensibilityGlobals) = postSolution
		SolutionGuid = {D68F1D63-1D90-49BB-AA93-7AF57C635F2A}
	EndGlobalSection
EndGlobal
